
Microsoft Visual Studio Solution File, Format Version 12.00
# Visual Studio 15
VisualStudioVersion = 15.0.28307.421
MinimumVisualStudioVersion = 10.0.40219.1
Project("{FAE04EC0-301F-11D3-BF4B-00C04F79EFBC}") = "WindowsFormsApp1", "WindowsFormsApp1\WindowsFormsApp1.csproj", "{F1C711BC-B378-442C-B713-2859574AB3A3}"
EndProject
Global
	GlobalSection(SolutionConfigurationPlatforms) = preSolution
		Debug|Any CPU = Debug|Any CPU
		Release|Any CPU = Release|Any CPU
	EndGlobalSection
	GlobalSection(ProjectConfigurationPlatforms) = postSolution
		{F1C711BC-B378-442C-B713-2859574AB3A3}.Debug|Any CPU.ActiveCfg = Debug|Any CPU
		{F1C711BC-B378-442C-B713-2859574AB3A3}.Debug|Any CPU.Build.0 = Debug|Any CPU
		{F1C711BC-B378-442C-B713-2859574AB3A3}.Release|Any CPU.ActiveCfg = Release|Any CPU
		{F1C711BC-B378-442C-B713-2859574AB3A3}.Release|Any CPU.Build.0 = Release|Any CPU
	EndGlobalSection
	GlobalSection(SolutionProperties) = preSolution
		HideSolutionNode = FALSE
	EndGlobalSection
	GlobalSection(ExtensibilityGlobals) = postSolution
		SolutionGuid = {041AD9FB-3DBC-4968-B4E1-4EA6AF2BBC26}
	EndGlobalSection
EndGlobal
